
Microsoft Visual Studio Solution File, Format Version 11.00
# Visual Studio 2010
Project("{FAE04EC0-301F-11D3-BF4B-00C04F79EFBC}") = "Brandy.Grapes", "src\Brandy.Grapes\Brandy.Grapes.csproj", "{4CA1CD9D-ECA4-45BD-BBB6-83A27A9EA101}"
EndProject
Project("{FAE04EC0-301F-11D3-BF4B-00C04F79EFBC}") = "Brandy.Grapes.NHibernate", "src\Brandy.Grapes.NHibernate\Brandy.Grapes.NHibernate.csproj", "{8AE4D6FF-EFFE-4086-9E7C-F5EF1CF61D99}"
EndProject
Project("{FAE04EC0-301F-11D3-BF4B-00C04F79EFBC}") = "Brandy.Grapes.Tests", "src\Brandy.Grapes.Tests\Brandy.Grapes.Tests.csproj", "{55C5E636-B8E6-4AE5-8F12-34FC90774EB8}"
EndProject
Project("{FAE04EC0-301F-11D3-BF4B-00C04F79EFBC}") = "Brandy.Grapes.Tests.Integration", "src\Brandy.Grapes.Tests.Integration\Brandy.Grapes.Tests.Integration.csproj", "{DAD48FBB-0E32-4506-B72E-EF55AEBBA794}"
EndProject
Project("{2150E333-8FDC-42A3-9474-1A3956D46DE8}") = ".nuget", ".nuget", "{F2772504-AADD-4E6C-A980-438052515BD8}"
	ProjectSection(SolutionItems) = preProject
		.nuget\NuGet.Config = .nuget\NuGet.Config
		.nuget\NuGet.exe = .nuget\NuGet.exe
		.nuget\NuGet.targets = .nuget\NuGet.targets
		.nuget\packages.config = .nuget\packages.config
	EndProjectSection
EndProject
Project("{FAE04EC0-301F-11D3-BF4B-00C04F79EFBC}") = "Brandy.Grapes.FluentNHibernate", "src\Brandy.Grapes.FluentNHibernate\Brandy.Grapes.FluentNHibernate.csproj", "{B3A5325D-ECC6-4097-BEF1-DEFBA768CC88}"
EndProject
Global
	GlobalSection(SolutionConfigurationPlatforms) = preSolution
		Debug|Any CPU = Debug|Any CPU
		Release|Any CPU = Release|Any CPU
	EndGlobalSection
	GlobalSection(ProjectConfigurationPlatforms) = postSolution
		{4CA1CD9D-ECA4-45BD-BBB6-83A27A9EA101}.Debug|Any CPU.ActiveCfg = Debug|Any CPU
		{4CA1CD9D-ECA4-45BD-BBB6-83A27A9EA101}.Debug|Any CPU.Build.0 = Debug|Any CPU
		{4CA1CD9D-ECA4-45BD-BBB6-83A27A9EA101}.Release|Any CPU.ActiveCfg = Release|Any CPU
		{4CA1CD9D-ECA4-45BD-BBB6-83A27A9EA101}.Release|Any CPU.Build.0 = Release|Any CPU
		{8AE4D6FF-EFFE-4086-9E7C-F5EF1CF61D99}.Debug|Any CPU.ActiveCfg = Debug|Any CPU
		{8AE4D6FF-EFFE-4086-9E7C-F5EF1CF61D99}.Debug|Any CPU.Build.0 = Debug|Any CPU
		{8AE4D6FF-EFFE-4086-9E7C-F5EF1CF61D99}.Release|Any CPU.ActiveCfg = Release|Any CPU
		{8AE4D6FF-EFFE-4086-9E7C-F5EF1CF61D99}.Release|Any CPU.Build.0 = Release|Any CPU
		{55C5E636-B8E6-4AE5-8F12-34FC90774EB8}.Debug|Any CPU.ActiveCfg = Debug|Any CPU
		{55C5E636-B8E6-4AE5-8F12-34FC90774EB8}.Debug|Any CPU.Build.0 = Debug|Any CPU
		{55C5E636-B8E6-4AE5-8F12-34FC90774EB8}.Release|Any CPU.ActiveCfg = Release|Any CPU
		{55C5E636-B8E6-4AE5-8F12-34FC90774EB8}.Release|Any CPU.Build.0 = Release|Any CPU
		{DAD48FBB-0E32-4506-B72E-EF55AEBBA794}.Debug|Any CPU.ActiveCfg = Debug|Any CPU
		{DAD48FBB-0E32-4506-B72E-EF55AEBBA794}.Debug|Any CPU.Build.0 = Debug|Any CPU
		{DAD48FBB-0E32-4506-B72E-EF55AEBBA794}.Release|Any CPU.ActiveCfg = Release|Any CPU
		{DAD48FBB-0E32-4506-B72E-EF55AEBBA794}.Release|Any CPU.Build.0 = Release|Any CPU
		{B3A5325D-ECC6-4097-BEF1-DEFBA768CC88}.Debug|Any CPU.ActiveCfg = Debug|Any CPU
		{B3A5325D-ECC6-4097-BEF1-DEFBA768CC88}.Debug|Any CPU.Build.0 = Debug|Any CPU
		{B3A5325D-ECC6-4097-BEF1-DEFBA768CC88}.Release|Any CPU.ActiveCfg = Release|Any CPU
		{B3A5325D-ECC6-4097-BEF1-DEFBA768CC88}.Release|Any CPU.Build.0 = Release|Any CPU
	EndGlobalSection
	GlobalSection(SolutionProperties) = preSolution
		HideSolutionNode = FALSE
	EndGlobalSection
EndGlobal
